
Microsoft Visual Studio Solution File, Format Version 12.00
# Visual Studio Version 17
Project("{2150E333-8FDC-42A3-9474-1A3956D46DE8}") = "CMakePredefinedTargets", "CMakePredefinedTargets", "{6474C947-FC3F-3856-BA98-9D0F8E62B841}"
EndProject
Project("{2150E333-8FDC-42A3-9474-1A3956D46DE8}") = "GLFW3", "GLFW3", "{6613EE1A-01D8-3510-8F79-F8CC5949BBD7}"
EndProject
Project("{8BC9CEB8-8B4A-11D0-8D11-00A0C91BC942}") = "ALL_BUILD", "ALL_BUILD.vcxproj", "{86FAD2CF-D2FC-38E6-BCDD-AACA79E85625}"
	ProjectSection(ProjectDependencies) = postProject
		{BB799455-18FB-3FEE-9FEE-7C1369B6753C} = {BB799455-18FB-3FEE-9FEE-7C1369B6753C}
		{16B7E42D-9C93-3A5A-B9B2-8E0478EB603E} = {16B7E42D-9C93-3A5A-B9B2-8E0478EB603E}
		{9F39868E-552D-3229-8551-25EF4DD2845D} = {9F39868E-552D-3229-8551-25EF4DD2845D}
		{3A14014F-8C33-3723-B56A-131907AF63E6} = {3A14014F-8C33-3723-B56A-131907AF63E6}
	EndProjectSection
EndProject
Project("{8BC9CEB8-8B4A-11D0-8D11-00A0C91BC942}") = "INSTALL", "INSTALL.vcxproj", "{CC99BCFE-76C9-304B-A719-636E0CCA8284}"
	ProjectSection(ProjectDependencies) = postProject
		{86FAD2CF-D2FC-38E6-BCDD-AACA79E85625} = {86FAD2CF-D2FC-38E6-BCDD-AACA79E85625}
		{BB799455-18FB-3FEE-9FEE-7C1369B6753C} = {BB799455-18FB-3FEE-9FEE-7C1369B6753C}
	EndProjectSection
EndProject
Project("{8BC9CEB8-8B4A-11D0-8D11-00A0C91BC942}") = "PACKAGE", "PACKAGE.vcxproj", "{31909D6C-D3AE-3233-ADB7-FE71D5FBA5D9}"
	ProjectSection(ProjectDependencies) = postProject
		{86FAD2CF-D2FC-38E6-BCDD-AACA79E85625} = {86FAD2CF-D2FC-38E6-BCDD-AACA79E85625}
		{BB799455-18FB-3FEE-9FEE-7C1369B6753C} = {BB799455-18FB-3FEE-9FEE-7C1369B6753C}
	EndProjectSection
EndProject
Project("{8BC9CEB8-8B4A-11D0-8D11-00A0C91BC942}") = "ZERO_CHECK", "ZERO_CHECK.vcxproj", "{BB799455-18FB-3FEE-9FEE-7C1369B6753C}"
	ProjectSection(ProjectDependencies) = postProject
	EndProjectSection
EndProject
Project("{8BC9CEB8-8B4A-11D0-8D11-00A0C91BC942}") = "glfw", "_deps\raylib-build\raylib\external\glfw\src\glfw.vcxproj", "{16B7E42D-9C93-3A5A-B9B2-8E0478EB603E}"
	ProjectSection(ProjectDependencies) = postProject
		{BB799455-18FB-3FEE-9FEE-7C1369B6753C} = {BB799455-18FB-3FEE-9FEE-7C1369B6753C}
	EndProjectSection
EndProject
Project("{8BC9CEB8-8B4A-11D0-8D11-00A0C91BC942}") = "raylib", "_deps\raylib-build\raylib\raylib.vcxproj", "{9F39868E-552D-3229-8551-25EF4DD2845D}"
	ProjectSection(ProjectDependencies) = postProject
		{BB799455-18FB-3FEE-9FEE-7C1369B6753C} = {BB799455-18FB-3FEE-9FEE-7C1369B6753C}
		{16B7E42D-9C93-3A5A-B9B2-8E0478EB603E} = {16B7E42D-9C93-3A5A-B9B2-8E0478EB603E}
	EndProjectSection
EndProject
Project("{8BC9CEB8-8B4A-11D0-8D11-00A0C91BC942}") = "rlclock", "rlclock.vcxproj", "{3A14014F-8C33-3723-B56A-131907AF63E6}"
	ProjectSection(ProjectDependencies) = postProject
		{BB799455-18FB-3FEE-9FEE-7C1369B6753C} = {BB799455-18FB-3FEE-9FEE-7C1369B6753C}
		{16B7E42D-9C93-3A5A-B9B2-8E0478EB603E} = {16B7E42D-9C93-3A5A-B9B2-8E0478EB603E}
		{9F39868E-552D-3229-8551-25EF4DD2845D} = {9F39868E-552D-3229-8551-25EF4DD2845D}
	EndProjectSection
EndProject
Project("{8BC9CEB8-8B4A-11D0-8D11-00A0C91BC942}") = "update_mappings", "_deps\raylib-build\raylib\external\glfw\src\update_mappings.vcxproj", "{435B010D-BAC6-35D8-9DE6-0032FE60D87E}"
	ProjectSection(ProjectDependencies) = postProject
		{BB799455-18FB-3FEE-9FEE-7C1369B6753C} = {BB799455-18FB-3FEE-9FEE-7C1369B6753C}
	EndProjectSection
EndProject
Global
	GlobalSection(SolutionConfigurationPlatforms) = preSolution
		Debug|x64 = Debug|x64
		Release|x64 = Release|x64
		MinSizeRel|x64 = MinSizeRel|x64
		RelWithDebInfo|x64 = RelWithDebInfo|x64
	EndGlobalSection
	GlobalSection(ProjectConfigurationPlatforms) = postSolution
		{86FAD2CF-D2FC-38E6-BCDD-AACA79E85625}.Debug|x64.ActiveCfg = Debug|x64
		{86FAD2CF-D2FC-38E6-BCDD-AACA79E85625}.Debug|x64.Build.0 = Debug|x64
		{86FAD2CF-D2FC-38E6-BCDD-AACA79E85625}.Release|x64.ActiveCfg = Release|x64
		{86FAD2CF-D2FC-38E6-BCDD-AACA79E85625}.Release|x64.Build.0 = Release|x64
		{86FAD2CF-D2FC-38E6-BCDD-AACA79E85625}.MinSizeRel|x64.ActiveCfg = MinSizeRel|x64
		{86FAD2CF-D2FC-38E6-BCDD-AACA79E85625}.MinSizeRel|x64.Build.0 = MinSizeRel|x64
		{86FAD2CF-D2FC-38E6-BCDD-AACA79E85625}.RelWithDebInfo|x64.ActiveCfg = RelWithDebInfo|x64
		{86FAD2CF-D2FC-38E6-BCDD-AACA79E85625}.RelWithDebInfo|x64.Build.0 = RelWithDebInfo|x64
		{CC99BCFE-76C9-304B-A719-636E0CCA8284}.Debug|x64.ActiveCfg = Debug|x64
		{CC99BCFE-76C9-304B-A719-636E0CCA8284}.Release|x64.ActiveCfg = Release|x64
		{CC99BCFE-76C9-304B-A719-636E0CCA8284}.MinSizeRel|x64.ActiveCfg = MinSizeRel|x64
		{CC99BCFE-76C9-304B-A719-636E0CCA8284}.RelWithDebInfo|x64.ActiveCfg = RelWithDebInfo|x64
		{31909D6C-D3AE-3233-ADB7-FE71D5FBA5D9}.Debug|x64.ActiveCfg = Debug|x64
		{31909D6C-D3AE-3233-ADB7-FE71D5FBA5D9}.Release|x64.ActiveCfg = Release|x64
		{31909D6C-D3AE-3233-ADB7-FE71D5FBA5D9}.MinSizeRel|x64.ActiveCfg = MinSizeRel|x64
		{31909D6C-D3AE-3233-ADB7-FE71D5FBA5D9}.RelWithDebInfo|x64.ActiveCfg = RelWithDebInfo|x64
		{BB799455-18FB-3FEE-9FEE-7C1369B6753C}.Debug|x64.ActiveCfg = Debug|x64
		{BB799455-18FB-3FEE-9FEE-7C1369B6753C}.Debug|x64.Build.0 = Debug|x64
		{BB799455-18FB-3FEE-9FEE-7C1369B6753C}.Release|x64.ActiveCfg = Release|x64
		{BB799455-18FB-3FEE-9FEE-7C1369B6753C}.Release|x64.Build.0 = Release|x64
		{BB799455-18FB-3FEE-9FEE-7C1369B6753C}.MinSizeRel|x64.ActiveCfg = MinSizeRel|x64
		{BB799455-18FB-3FEE-9FEE-7C1369B6753C}.MinSizeRel|x64.Build.0 = MinSizeRel|x64
		{BB799455-18FB-3FEE-9FEE-7C1369B6753C}.RelWithDebInfo|x64.ActiveCfg = RelWithDebInfo|x64
		{BB799455-18FB-3FEE-9FEE-7C1369B6753C}.RelWithDebInfo|x64.Build.0 = RelWithDebInfo|x64
		{16B7E42D-9C93-3A5A-B9B2-8E0478EB603E}.Debug|x64.ActiveCfg = Debug|x64
		{16B7E42D-9C93-3A5A-B9B2-8E0478EB603E}.Debug|x64.Build.0 = Debug|x64
		{16B7E42D-9C93-3A5A-B9B2-8E0478EB603E}.Release|x64.ActiveCfg = Release|x64
		{16B7E42D-9C93-3A5A-B9B2-8E0478EB603E}.Release|x64.Build.0 = Release|x64
		{16B7E42D-9C93-3A5A-B9B2-8E0478EB603E}.MinSizeRel|x64.ActiveCfg = MinSizeRel|x64
		{16B7E42D-9C93-3A5A-B9B2-8E0478EB603E}.MinSizeRel|x64.Build.0 = MinSizeRel|x64
		{16B7E42D-9C93-3A5A-B9B2-8E0478EB603E}.RelWithDebInfo|x64.ActiveCfg = RelWithDebInfo|x64
		{16B7E42D-9C93-3A5A-B9B2-8E0478EB603E}.RelWithDebInfo|x64.Build.0 = RelWithDebInfo|x64
		{9F39868E-552D-3229-8551-25EF4DD2845D}.Debug|x64.ActiveCfg = Debug|x64
		{9F39868E-552D-3229-8551-25EF4DD2845D}.Debug|x64.Build.0 = Debug|x64
		{9F39868E-552D-3229-8551-25EF4DD2845D}.Release|x64.ActiveCfg = Release|x64
		{9F39868E-552D-3229-8551-25EF4DD2845D}.Release|x64.Build.0 = Release|x64
		{9F39868E-552D-3229-8551-25EF4DD2845D}.MinSizeRel|x64.ActiveCfg = MinSizeRel|x64
		{9F39868E-552D-3229-8551-25EF4DD2845D}.MinSizeRel|x64.Build.0 = MinSizeRel|x64
		{9F39868E-552D-3229-8551-25EF4DD2845D}.RelWithDebInfo|x64.ActiveCfg = RelWithDebInfo|x64
		{9F39868E-552D-3229-8551-25EF4DD2845D}.RelWithDebInfo|x64.Build.0 = RelWithDebInfo|x64
		{3A14014F-8C33-3723-B56A-131907AF63E6}.Debug|x64.ActiveCfg = Debug|x64
		{3A14014F-8C33-3723-B56A-131907AF63E6}.Debug|x64.Build.0 = Debug|x64
		{3A14014F-8C33-3723-B56A-131907AF63E6}.Release|x64.ActiveCfg = Release|x64
		{3A14014F-8C33-3723-B56A-131907AF63E6}.Release|x64.Build.0 = Release|x64
		{3A14014F-8C33-3723-B56A-131907AF63E6}.MinSizeRel|x64.ActiveCfg = MinSizeRel|x64
		{3A14014F-8C33-3723-B56A-131907AF63E6}.MinSizeRel|x64.Build.0 = MinSizeRel|x64
		{3A14014F-8C33-3723-B56A-131907AF63E6}.RelWithDebInfo|x64.ActiveCfg = RelWithDebInfo|x64
		{3A14014F-8C33-3723-B56A-131907AF63E6}.RelWithDebInfo|x64.Build.0 = RelWithDebInfo|x64
		{435B010D-BAC6-35D8-9DE6-0032FE60D87E}.Debug|x64.ActiveCfg = Debug|x64
		{435B010D-BAC6-35D8-9DE6-0032FE60D87E}.Release|x64.ActiveCfg = Release|x64
		{435B010D-BAC6-35D8-9DE6-0032FE60D87E}.MinSizeRel|x64.ActiveCfg = MinSizeRel|x64
		{435B010D-BAC6-35D8-9DE6-0032FE60D87E}.RelWithDebInfo|x64.ActiveCfg = RelWithDebInfo|x64
	EndGlobalSection
	GlobalSection(NestedProjects) = preSolution
		{86FAD2CF-D2FC-38E6-BCDD-AACA79E85625} = {6474C947-FC3F-3856-BA98-9D0F8E62B841}
		{CC99BCFE-76C9-304B-A719-636E0CCA8284} = {6474C947-FC3F-3856-BA98-9D0F8E62B841}
		{31909D6C-D3AE-3233-ADB7-FE71D5FBA5D9} = {6474C947-FC3F-3856-BA98-9D0F8E62B841}
		{BB799455-18FB-3FEE-9FEE-7C1369B6753C} = {6474C947-FC3F-3856-BA98-9D0F8E62B841}
		{16B7E42D-9C93-3A5A-B9B2-8E0478EB603E} = {6613EE1A-01D8-3510-8F79-F8CC5949BBD7}
		{435B010D-BAC6-35D8-9DE6-0032FE60D87E} = {6613EE1A-01D8-3510-8F79-F8CC5949BBD7}
	EndGlobalSection
	GlobalSection(ExtensibilityGlobals) = postSolution
		SolutionGuid = {3A69C256-D3D0-326A-9E02-4E243A59B024}
	EndGlobalSection
	GlobalSection(ExtensibilityAddIns) = postSolution
	EndGlobalSection
EndGlobal
